
Microsoft Visual Studio Solution File, Format Version 12.00
# Visual Studio Version 17
VisualStudioVersion = 17.14.36518.9
MinimumVisualStudioVersion = 10.0.40219.1
Project("{FAE04EC0-301F-11D3-BF4B-00C04F79EFBC}") = "Agent1", "Agent1\Agent1.csproj", "{3ABA6F2A-858B-4917-A577-424B1F2784E9}"
EndProject
Project("{FAE04EC0-301F-11D3-BF4B-00C04F79EFBC}") = "Agent1.Api", "Agent1.Api\Agent1.Api.csproj", "{699E8FD4-9BEF-4602-BD60-0C23116B69C7}"
EndProject
Global
	GlobalSection(SolutionConfigurationPlatforms) = preSolution
		Debug|Any CPU = Debug|Any CPU
		Debug|x64 = Debug|x64
		Debug|x86 = Debug|x86
		Release|Any CPU = Release|Any CPU
		Release|x64 = Release|x64
		Release|x86 = Release|x86
	EndGlobalSection
	GlobalSection(ProjectConfigurationPlatforms) = postSolution
		{3ABA6F2A-858B-4917-A577-424B1F2784E9}.Debug|Any CPU.ActiveCfg = Debug|Any CPU
		{3ABA6F2A-858B-4917-A577-424B1F2784E9}.Debug|Any CPU.Build.0 = Debug|Any CPU
		{3ABA6F2A-858B-4917-A577-424B1F2784E9}.Debug|x64.ActiveCfg = Debug|Any CPU
		{3ABA6F2A-858B-4917-A577-424B1F2784E9}.Debug|x64.Build.0 = Debug|Any CPU
		{3ABA6F2A-858B-4917-A577-424B1F2784E9}.Debug|x86.ActiveCfg = Debug|Any CPU
		{3ABA6F2A-858B-4917-A577-424B1F2784E9}.Debug|x86.Build.0 = Debug|Any CPU
		{3ABA6F2A-858B-4917-A577-424B1F2784E9}.Release|Any CPU.ActiveCfg = Release|Any CPU
		{3ABA6F2A-858B-4917-A577-424B1F2784E9}.Release|Any CPU.Build.0 = Release|Any CPU
		{3ABA6F2A-858B-4917-A577-424B1F2784E9}.Release|x64.ActiveCfg = Release|Any CPU
		{3ABA6F2A-858B-4917-A577-424B1F2784E9}.Release|x64.Build.0 = Release|Any CPU
		{3ABA6F2A-858B-4917-A577-424B1F2784E9}.Release|x86.ActiveCfg = Release|Any CPU
		{3ABA6F2A-858B-4917-A577-424B1F2784E9}.Release|x86.Build.0 = Release|Any CPU
		{699E8FD4-9BEF-4602-BD60-0C23116B69C7}.Debug|Any CPU.ActiveCfg = Debug|Any CPU
		{699E8FD4-9BEF-4602-BD60-0C23116B69C7}.Debug|Any CPU.Build.0 = Debug|Any CPU
		{699E8FD4-9BEF-4602-BD60-0C23116B69C7}.Debug|x64.ActiveCfg = Debug|Any CPU
		{699E8FD4-9BEF-4602-BD60-0C23116B69C7}.Debug|x64.Build.0 = Debug|Any CPU
		{699E8FD4-9BEF-4602-BD60-0C23116B69C7}.Debug|x86.ActiveCfg = Debug|Any CPU
		{699E8FD4-9BEF-4602-BD60-0C23116B69C7}.Debug|x86.Build.0 = Debug|Any CPU
		{699E8FD4-9BEF-4602-BD60-0C23116B69C7}.Release|Any CPU.ActiveCfg = Release|Any CPU
		{699E8FD4-9BEF-4602-BD60-0C23116B69C7}.Release|Any CPU.Build.0 = Release|Any CPU
		{699E8FD4-9BEF-4602-BD60-0C23116B69C7}.Release|x64.ActiveCfg = Release|Any CPU
		{699E8FD4-9BEF-4602-BD60-0C23116B69C7}.Release|x64.Build.0 = Release|Any CPU
		{699E8FD4-9BEF-4602-BD60-0C23116B69C7}.Release|x86.ActiveCfg = Release|Any CPU
		{699E8FD4-9BEF-4602-BD60-0C23116B69C7}.Release|x86.Build.0 = Release|Any CPU
	EndGlobalSection
	GlobalSection(SolutionProperties) = preSolution
		HideSolutionNode = FALSE
	EndGlobalSection
	GlobalSection(ExtensibilityGlobals) = postSolution
		SolutionGuid = {B98A9178-FBE1-45A0-BF7E-ADADDD1D21D4}
	EndGlobalSection
EndGlobal
